[dependencies]
  [dependencies.argo-cd]
    name = "argo-cd"
    full_name = "argo-cd_2.13.3"
    version = "2.13.3"
    sum = "FWiwdm3MSfCmrwBhICWM6rQyK9CmOe86nt9kYf5oFVU="
    reg = "ghcr.io"
    repo = "kcl-lang/argo-cd"
    oci_tag = "2.13.3"
  [dependencies.external-secrets]
    name = "external-secrets"
    full_name = "external-secrets_0.18.2"
    version = "0.18.2"
    sum = "GKneYUgJl+jFFWRI2NlOwPYVtDTYW/DRb6JHh1tNPqU="
    reg = "ghcr.io"
    repo = "kcl-lang/external-secrets"
    oci_tag = "0.18.2"
  [dependencies.fluxcd]
    name = "fluxcd"
    full_name = "fluxcd_0.1.2"
    version = "0.1.2"
    sum = "Qwy5IPb12uzg13FAzCg9I0bkuYS9jQWaDEg6vlECe3M="
    reg = "ghcr.io"
    repo = "kcl-lang/fluxcd"
    oci_tag = "0.1.2"
  [dependencies.fluxcd-kustomize-controller]
    name = "fluxcd-kustomize-controller"
    full_name = "fluxcd-kustomize-controller_v1.3.2"
    version = "v1.3.2"
    sum = "MZgVf8xwTAubdHdcr3s9K87jNRE4xDv0Yc2s08obs/o="
    reg = "ghcr.io"
    repo = "kcl-lang/fluxcd-kustomize-controller"
    oci_tag = "v1.3.2"
  [dependencies.fluxcd-source-controller]
    name = "fluxcd-source-controller"
    full_name = "fluxcd-source-controller_v1.3.2"
    version = "v1.3.2"
    sum = "iZlc0kXOSajJNUmzvOlcIZgk60WGJbl4xKy4AVWYfkM="
    reg = "ghcr.io"
    repo = "kcl-lang/fluxcd-source-controller"
    oci_tag = "v1.3.2"
  [dependencies.k8s]
    name = "k8s"
    full_name = "k8s_1.31.2"
    version = "1.31.2"
    sum = "xBZgPsnpVVyWBpahuPQHReeRx28eUHGFoaPeqbct+vs="
    reg = "ghcr.io"
    repo = "kcl-lang/k8s"
    oci_tag = "1.31.2"
